
Microsoft Visual Studio Solution File, Format Version 12.00
# Visual Studio 14
VisualStudioVersion = 14.0.25420.1
MinimumVisualStudioVersion = 10.0.40219.1
Project("{FAE04EC0-301F-11D3-BF4B-00C04F79EFBC}") = "OneWildFrontEar", "OneWildFrontEar\OneWildFrontEar.csproj", "{833C434C-77FD-4D0B-9541-F7499E09EC77}"
EndProject
Project("{FAE04EC0-301F-11D3-BF4B-00C04F79EFBC}") = "OneWildFrontEar.Tests", "OneWildFrontEar.Tests\OneWildFrontEar.Tests.csproj", "{80DD5721-C5D5-41FC-9076-278EC91C7B58}"
EndProject
Global
	GlobalSection(SolutionConfigurationPlatforms) = preSolution
		Debug|Any CPU = Debug|Any CPU
		Release|Any CPU = Release|Any CPU
	EndGlobalSection
	GlobalSection(ProjectConfigurationPlatforms) = postSolution
		{833C434C-77FD-4D0B-9541-F7499E09EC77}.Debug|Any CPU.ActiveCfg = Debug|Any CPU
		{833C434C-77FD-4D0B-9541-F7499E09EC77}.Debug|Any CPU.Build.0 = Debug|Any CPU
		{833C434C-77FD-4D0B-9541-F7499E09EC77}.Release|Any CPU.ActiveCfg = Release|Any CPU
		{833C434C-77FD-4D0B-9541-F7499E09EC77}.Release|Any CPU.Build.0 = Release|Any CPU
		{80DD5721-C5D5-41FC-9076-278EC91C7B58}.Debug|Any CPU.ActiveCfg = Debug|Any CPU
		{80DD5721-C5D5-41FC-9076-278EC91C7B58}.Debug|Any CPU.Build.0 = Debug|Any CPU
		{80DD5721-C5D5-41FC-9076-278EC91C7B58}.Release|Any CPU.ActiveCfg = Release|Any CPU
		{80DD5721-C5D5-41FC-9076-278EC91C7B58}.Release|Any CPU.Build.0 = Release|Any CPU
	EndGlobalSection
	GlobalSection(SolutionProperties) = preSolution
		HideSolutionNode = FALSE
	EndGlobalSection
EndGlobal
